
Microsoft Visual Studio Solution File, Format Version 12.00
Project("{FAE04EC0-301F-11D3-BF4B-00C04F79EFBC}") = "Humi", "Humi\Humi.csproj", "{B4636C26-9E6A-4BDC-97B0-B04AC555B762}"
EndProject
Project("{FAE04EC0-301F-11D3-BF4B-00C04F79EFBC}") = "Humi.Analyzer", "Humi.Analyzer\Humi.Analyzer.csproj", "{81E16A8D-1031-40B6-B7E9-240CE76D8131}"
EndProject
Global
	GlobalSection(SolutionConfigurationPlatforms) = preSolution
		Debug|Any CPU = Debug|Any CPU
		Release|Any CPU = Release|Any CPU
	EndGlobalSection
	GlobalSection(ProjectConfigurationPlatforms) = postSolution
		{B4636C26-9E6A-4BDC-97B0-B04AC555B762}.Debug|Any CPU.ActiveCfg = Debug|Any CPU
		{B4636C26-9E6A-4BDC-97B0-B04AC555B762}.Debug|Any CPU.Build.0 = Debug|Any CPU
		{B4636C26-9E6A-4BDC-97B0-B04AC555B762}.Release|Any CPU.ActiveCfg = Release|Any CPU
		{B4636C26-9E6A-4BDC-97B0-B04AC555B762}.Release|Any CPU.Build.0 = Release|Any CPU
		{81E16A8D-1031-40B6-B7E9-240CE76D8131}.Debug|Any CPU.ActiveCfg = Debug|Any CPU
		{81E16A8D-1031-40B6-B7E9-240CE76D8131}.Debug|Any CPU.Build.0 = Debug|Any CPU
		{81E16A8D-1031-40B6-B7E9-240CE76D8131}.Release|Any CPU.ActiveCfg = Release|Any CPU
		{81E16A8D-1031-40B6-B7E9-240CE76D8131}.Release|Any CPU.Build.0 = Release|Any CPU
	EndGlobalSection
EndGlobal
